
Microsoft Visual Studio Solution File, Format Version 12.00
# Visual Studio Version 17
VisualStudioVersion = 17.14.36310.24 d17.14
MinimumVisualStudioVersion = 10.0.40219.1
Project("{FAE04EC0-301F-11D3-BF4B-00C04F79EFBC}") = "ConsoleApp2", "ConsoleApp2.csproj", "{7F5C8C75-CF2D-448F-AF3F-56AF2A8A7482}"
EndProject
Global
	GlobalSection(SolutionConfigurationPlatforms) = preSolution
		Debug|Any CPU = Debug|Any CPU
		Release|Any CPU = Release|Any CPU
	EndGlobalSection
	GlobalSection(ProjectConfigurationPlatforms) = postSolution
		{7F5C8C75-CF2D-448F-AF3F-56AF2A8A7482}.Debug|Any CPU.ActiveCfg = Debug|Any CPU
		{7F5C8C75-CF2D-448F-AF3F-56AF2A8A7482}.Debug|Any CPU.Build.0 = Debug|Any CPU
		{7F5C8C75-CF2D-448F-AF3F-56AF2A8A7482}.Release|Any CPU.ActiveCfg = Release|Any CPU
		{7F5C8C75-CF2D-448F-AF3F-56AF2A8A7482}.Release|Any CPU.Build.0 = Release|Any CPU
	EndGlobalSection
	GlobalSection(SolutionProperties) = preSolution
		HideSolutionNode = FALSE
	EndGlobalSection
	GlobalSection(ExtensibilityGlobals) = postSolution
		SolutionGuid = {9DAAFD17-920B-4FEC-AA93-04D8E907473D}
	EndGlobalSection
EndGlobal
