
Microsoft Visual Studio Solution File, Format Version 12.00
# Visual Studio Version 17
VisualStudioVersion = 17.14.36310.24 d17.14
MinimumVisualStudioVersion = 10.0.40219.1
Project("{FAE04EC0-301F-11D3-BF4B-00C04F79EFBC}") = "internal class", "internal class.csproj", "{4BA49133-04F3-40D9-B85C-A40D08523B71}"
EndProject
Project("{FAE04EC0-301F-11D3-BF4B-00C04F79EFBC}") = "ClassLibrary1", "..\ClassLibrary1\ClassLibrary1.csproj", "{BB8F8C7C-5E30-47A1-9462-5497B3EDBE9D}"
EndProject
Global
	GlobalSection(SolutionConfigurationPlatforms) = preSolution
		Debug|Any CPU = Debug|Any CPU
		Release|Any CPU = Release|Any CPU
	EndGlobalSection
	GlobalSection(ProjectConfigurationPlatforms) = postSolution
		{4BA49133-04F3-40D9-B85C-A40D08523B71}.Debug|Any CPU.ActiveCfg = Debug|Any CPU
		{4BA49133-04F3-40D9-B85C-A40D08523B71}.Debug|Any CPU.Build.0 = Debug|Any CPU
		{4BA49133-04F3-40D9-B85C-A40D08523B71}.Release|Any CPU.ActiveCfg = Release|Any CPU
		{4BA49133-04F3-40D9-B85C-A40D08523B71}.Release|Any CPU.Build.0 = Release|Any CPU
		{BB8F8C7C-5E30-47A1-9462-5497B3EDBE9D}.Debug|Any CPU.ActiveCfg = Debug|Any CPU
		{BB8F8C7C-5E30-47A1-9462-5497B3EDBE9D}.Debug|Any CPU.Build.0 = Debug|Any CPU
		{BB8F8C7C-5E30-47A1-9462-5497B3EDBE9D}.Release|Any CPU.ActiveCfg = Release|Any CPU
		{BB8F8C7C-5E30-47A1-9462-5497B3EDBE9D}.Release|Any CPU.Build.0 = Release|Any CPU
	EndGlobalSection
	GlobalSection(SolutionProperties) = preSolution
		HideSolutionNode = FALSE
	EndGlobalSection
	GlobalSection(ExtensibilityGlobals) = postSolution
		SolutionGuid = {47680C3E-C826-4F3A-9043-03AA0E87D2C3}
	EndGlobalSection
EndGlobal
