
Microsoft Visual Studio Solution File, Format Version 12.00
# Visual Studio Version 17
VisualStudioVersion = 17.14.36310.24 d17.14
MinimumVisualStudioVersion = 10.0.40219.1
Project("{FAE04EC0-301F-11D3-BF4B-00C04F79EFBC}") = "emi program", "emi program.csproj", "{2E6F4228-D92B-4F9B-9B22-0BD51CDD8013}"
EndProject
Global
	GlobalSection(SolutionConfigurationPlatforms) = preSolution
		Debug|Any CPU = Debug|Any CPU
		Release|Any CPU = Release|Any CPU
	EndGlobalSection
	GlobalSection(ProjectConfigurationPlatforms) = postSolution
		{2E6F4228-D92B-4F9B-9B22-0BD51CDD8013}.Debug|Any CPU.ActiveCfg = Debug|Any CPU
		{2E6F4228-D92B-4F9B-9B22-0BD51CDD8013}.Debug|Any CPU.Build.0 = Debug|Any CPU
		{2E6F4228-D92B-4F9B-9B22-0BD51CDD8013}.Release|Any CPU.ActiveCfg = Release|Any CPU
		{2E6F4228-D92B-4F9B-9B22-0BD51CDD8013}.Release|Any CPU.Build.0 = Release|Any CPU
	EndGlobalSection
	GlobalSection(SolutionProperties) = preSolution
		HideSolutionNode = FALSE
	EndGlobalSection
	GlobalSection(ExtensibilityGlobals) = postSolution
		SolutionGuid = {73DBD294-2308-4318-BBB3-B573F44E049B}
	EndGlobalSection
EndGlobal
